// !$*UTF8*$!
{
	archiveVersion = 1;
	classes = {
	};
	objectVersion = 46;
	objects = {

/* Begin PBXBuildFile section */
		0B36FA742329C8932E67C35F /* libPods.a in Frameworks */ = {isa = PBXBuildFile; fileRef = F11A8F6233D21997C33D7D49 /* libPods.a */; };
		9C299CD61A048AF70002F47E /* SocketIOCocoa.h in Headers */ = {isa = PBXBuildFile; fileRef = 9C299CD51A048AF70002F47E /* SocketIOCocoa.h */; settings = {ATTRIBUTES = (Public, ); }; };
		9C299CDC1A048AF70002F47E /* SocketIOCocoa.framework in Frameworks */ = {isa = PBXBuildFile; fileRef = 9C299CD01A048AF70002F47E /* SocketIOCocoa.framework */; };
		9C299CE31A048AF70002F47E /* SocketIOTests.swift in Sources */ = {isa = PBXBuildFile; fileRef = 9C299CE21A048AF70002F47E /* SocketIOTests.swift */; };
		9C29C7C91A0E67BF0036EDB3 /* Utils.swift in Sources */ = {isa = PBXBuildFile; fileRef = 9C29C7C81A0E67BF0036EDB3 /* Utils.swift */; };
		9C29C7CB1A0E67F20036EDB3 /* EngineParser.swift in Sources */ = {isa = PBXBuildFile; fileRef = 9C29C7CA1A0E67F20036EDB3 /* EngineParser.swift */; };
		9C29C7CD1A0E685E0036EDB3 /* EngineTransport.swift in Sources */ = {isa = PBXBuildFile; fileRef = 9C29C7CC1A0E685E0036EDB3 /* EngineTransport.swift */; };
		9C29C7CF1A0E690B0036EDB3 /* EngineSocket.swift in Sources */ = {isa = PBXBuildFile; fileRef = 9C29C7CE1A0E690B0036EDB3 /* EngineSocket.swift */; };
		9C29C7D11A0E699E0036EDB3 /* SocketIO.swift in Sources */ = {isa = PBXBuildFile; fileRef = 9C29C7D01A0E699E0036EDB3 /* SocketIO.swift */; };
		9C8746121A0782840026CE61 /* alamofire.swift in Sources */ = {isa = PBXBuildFile; fileRef = 9C87460F1A0782840026CE61 /* alamofire.swift */; };
		9C8746131A0782840026CE61 /* Dollar.swift in Sources */ = {isa = PBXBuildFile; fileRef = 9C8746101A0782840026CE61 /* Dollar.swift */; };
		9C8746141A0782840026CE61 /* SwifterSnippet.swift in Sources */ = {isa = PBXBuildFile; fileRef = 9C8746111A0782840026CE61 /* SwifterSnippet.swift */; };
		9CC4DE761A0E102A00BD6DD9 /* EngineTests.swift in Sources */ = {isa = PBXBuildFile; fileRef = 9CC4DE751A0E102A00BD6DD9 /* EngineTests.swift */; };
		9CD95ED01A11180600E30C79 /* AF-NSDate-Extension.swift in Sources */ = {isa = PBXBuildFile; fileRef = 9CD95ECE1A11180600E30C79 /* AF-NSDate-Extension.swift */; };
		9CD95ED11A11180600E30C79 /* starscream.swift in Sources */ = {isa = PBXBuildFile; fileRef = 9CD95ECF1A11180600E30C79 /* starscream.swift */; };
/* End PBXBuildFile section */

/* Begin PBXContainerItemProxy section */
		9C299CDD1A048AF70002F47E /* PBXContainerItemProxy */ = {
			isa = PBXContainerItemProxy;
			containerPortal = 9C299CC71A048AF70002F47E /* Project object */;
			proxyType = 1;
			remoteGlobalIDString = 9C299CCF1A048AF70002F47E;
			remoteInfo = SocketIOCocoa;
		};
/* End PBXContainerItemProxy section */

/* Begin PBXFileReference section */
		9C299CD01A048AF70002F47E /* SocketIOCocoa.framework */ = {isa = PBXFileReference; explicitFileType = wrapper.framework; includeInIndex = 0; path = SocketIOCocoa.framework; sourceTree = BUILT_PRODUCTS_DIR; };
		9C299CD41A048AF70002F47E /* Info.plist */ = {isa = PBXFileReference; lastKnownFileType = text.plist.xml; path = Info.plist; sourceTree = "<group>"; };
		9C299CD51A048AF70002F47E /* SocketIOCocoa.h */ = {isa = PBXFileReference; lastKnownFileType = sourcecode.c.h; path = SocketIOCocoa.h; sourceTree = "<group>"; };
		9C299CDB1A048AF70002F47E /* SocketIOCocoaTests.xctest */ = {isa = PBXFileReference; explicitFileType = wrapper.cfbundle; includeInIndex = 0; path = SocketIOCocoaTests.xctest; sourceTree = BUILT_PRODUCTS_DIR; };
		9C299CE11A048AF70002F47E /* Info.plist */ = {isa = PBXFileReference; lastKnownFileType = text.plist.xml; path = Info.plist; sourceTree = "<group>"; };
		9C299CE21A048AF70002F47E /* SocketIOTests.swift */ = {isa = PBXFileReference; lastKnownFileType = sourcecode.swift; path = SocketIOTests.swift; sourceTree = "<group>"; };
		9C29C7C81A0E67BF0036EDB3 /* Utils.swift */ = {isa = PBXFileReference; fileEncoding = 4; lastKnownFileType = sourcecode.swift; path = Utils.swift; sourceTree = "<group>"; };
		9C29C7CA1A0E67F20036EDB3 /* EngineParser.swift */ = {isa = PBXFileReference; fileEncoding = 4; lastKnownFileType = sourcecode.swift; path = EngineParser.swift; sourceTree = "<group>"; };
		9C29C7CC1A0E685E0036EDB3 /* EngineTransport.swift */ = {isa = PBXFileReference; fileEncoding = 4; lastKnownFileType = sourcecode.swift; path = EngineTransport.swift; sourceTree = "<group>"; };
		9C29C7CE1A0E690B0036EDB3 /* EngineSocket.swift */ = {isa = PBXFileReference; fileEncoding = 4; lastKnownFileType = sourcecode.swift; path = EngineSocket.swift; sourceTree = "<group>"; };
		9C29C7D01A0E699E0036EDB3 /* SocketIO.swift */ = {isa = PBXFileReference; fileEncoding = 4; lastKnownFileType = sourcecode.swift; path = SocketIO.swift; sourceTree = "<group>"; };
		9C87460F1A0782840026CE61 /* alamofire.swift */ = {isa = PBXFileReference; fileEncoding = 4; lastKnownFileType = sourcecode.swift; name = alamofire.swift; path = vender/alamofire.swift; sourceTree = "<group>"; };
		9C8746101A0782840026CE61 /* Dollar.swift */ = {isa = PBXFileReference; fileEncoding = 4; lastKnownFileType = sourcecode.swift; name = Dollar.swift; path = vender/Dollar.swift; sourceTree = "<group>"; };
		9C8746111A0782840026CE61 /* SwifterSnippet.swift */ = {isa = PBXFileReference; fileEncoding = 4; lastKnownFileType = sourcecode.swift; name = SwifterSnippet.swift; path = vender/SwifterSnippet.swift; sourceTree = "<group>"; };
		9CC4DE751A0E102A00BD6DD9 /* EngineTests.swift */ = {isa = PBXFileReference; fileEncoding = 4; lastKnownFileType = sourcecode.swift; path = EngineTests.swift; sourceTree = "<group>"; };
		9CD95ECE1A11180600E30C79 /* AF-NSDate-Extension.swift */ = {isa = PBXFileReference; fileEncoding = 4; lastKnownFileType = sourcecode.swift; name = "AF-NSDate-Extension.swift"; path = "vender/AF-NSDate-Extension.swift"; sourceTree = "<group>"; };
		9CD95ECF1A11180600E30C79 /* starscream.swift */ = {isa = PBXFileReference; fileEncoding = 4; lastKnownFileType = sourcecode.swift; name = starscream.swift; path = vender/starscream.swift; sourceTree = "<group>"; };
		C683D0750A5BED5403E25D41 /* Pods.debug.xcconfig */ = {isa = PBXFileReference; includeInIndex = 1; lastKnownFileType = text.xcconfig; name = Pods.debug.xcconfig; path = "Pods/Target Support Files/Pods/Pods.debug.xcconfig"; sourceTree = "<group>"; };
		CD168E7B21F68EBF458D587D /* Pods.release.xcconfig */ = {isa = PBXFileReference; includeInIndex = 1; lastKnownFileType = text.xcconfig; name = Pods.release.xcconfig; path = "Pods/Target Support Files/Pods/Pods.release.xcconfig"; sourceTree = "<group>"; };
		F11A8F6233D21997C33D7D49 /* libPods.a */ = {isa = PBXFileReference; explicitFileType = archive.ar; includeInIndex = 0; path = libPods.a; sourceTree = BUILT_PRODUCTS_DIR; };
/* End PBXFileReference section */

/* Begin PBXFrameworksBuildPhase section */
		9C299CCC1A048AF70002F47E /* Frameworks */ = {
			isa = PBXFrameworksBuildPhase;
			buildActionMask = 2147483647;
			files = (
				0B36FA742329C8932E67C35F /* libPods.a in Frameworks */,
			);
			runOnlyForDeploymentPostprocessing = 0;
		};
		9C299CD81A048AF70002F47E /* Frameworks */ = {
			isa = PBXFrameworksBuildPhase;
			buildActionMask = 2147483647;
			files = (
				9C299CDC1A048AF70002F47E /* SocketIOCocoa.framework in Frameworks */,
			);
			runOnlyForDeploymentPostprocessing = 0;
		};
/* End PBXFrameworksBuildPhase section */

/* Begin PBXGroup section */
		46A073AED1A49A55C4EA9966 /* Pods */ = {
			isa = PBXGroup;
			children = (
				C683D0750A5BED5403E25D41 /* Pods.debug.xcconfig */,
				CD168E7B21F68EBF458D587D /* Pods.release.xcconfig */,
			);
			name = Pods;
			sourceTree = "<group>";
		};
		9C299CC61A048AF70002F47E = {
			isa = PBXGroup;
			children = (
				9CF1BD0C1A05E29600C7E97F /* Vender */,
				9C299CD21A048AF70002F47E /* SocketIOCocoa */,
				9C299CDF1A048AF70002F47E /* SocketIOCocoaTests */,
				9C299CD11A048AF70002F47E /* Products */,
				46A073AED1A49A55C4EA9966 /* Pods */,
				F462642B8C3AFCDAD4AEEAC7 /* Frameworks */,
			);
			sourceTree = "<group>";
		};
		9C299CD11A048AF70002F47E /* Products */ = {
			isa = PBXGroup;
			children = (
				9C299CD01A048AF70002F47E /* SocketIOCocoa.framework */,
				9C299CDB1A048AF70002F47E /* SocketIOCocoaTests.xctest */,
			);
			name = Products;
			sourceTree = "<group>";
		};
		9C299CD21A048AF70002F47E /* SocketIOCocoa */ = {
			isa = PBXGroup;
			children = (
				9C29C7C81A0E67BF0036EDB3 /* Utils.swift */,
				9C29C7CA1A0E67F20036EDB3 /* EngineParser.swift */,
				9C29C7CC1A0E685E0036EDB3 /* EngineTransport.swift */,
				9C29C7CE1A0E690B0036EDB3 /* EngineSocket.swift */,
				9C29C7D01A0E699E0036EDB3 /* SocketIO.swift */,
				9C299CD51A048AF70002F47E /* SocketIOCocoa.h */,
				9C299CD31A048AF70002F47E /* Supporting Files */,
			);
			path = SocketIOCocoa;
			sourceTree = "<group>";
		};
		9C299CD31A048AF70002F47E /* Supporting Files */ = {
			isa = PBXGroup;
			children = (
				9C299CD41A048AF70002F47E /* Info.plist */,
			);
			name = "Supporting Files";
			sourceTree = "<group>";
		};
		9C299CDF1A048AF70002F47E /* SocketIOCocoaTests */ = {
			isa = PBXGroup;
			children = (
				9CC4DE751A0E102A00BD6DD9 /* EngineTests.swift */,
				9C299CE21A048AF70002F47E /* SocketIOTests.swift */,
				9C299CE01A048AF70002F47E /* Supporting Files */,
			);
			path = SocketIOCocoaTests;
			sourceTree = "<group>";
		};
		9C299CE01A048AF70002F47E /* Supporting Files */ = {
			isa = PBXGroup;
			children = (
				9C299CE11A048AF70002F47E /* Info.plist */,
			);
			name = "Supporting Files";
			sourceTree = "<group>";
		};
		9CF1BD0C1A05E29600C7E97F /* Vender */ = {
			isa = PBXGroup;
			children = (
				9CD95ECE1A11180600E30C79 /* AF-NSDate-Extension.swift */,
				9CD95ECF1A11180600E30C79 /* starscream.swift */,
				9C87460F1A0782840026CE61 /* alamofire.swift */,
				9C8746101A0782840026CE61 /* Dollar.swift */,
				9C8746111A0782840026CE61 /* SwifterSnippet.swift */,
			);
			name = Vender;
			sourceTree = "<group>";
		};
		F462642B8C3AFCDAD4AEEAC7 /* Frameworks */ = {
			isa = PBXGroup;
			children = (
				F11A8F6233D21997C33D7D49 /* libPods.a */,
			);
			name = Frameworks;
			sourceTree = "<group>";
		};
/* End PBXGroup section */

/* Begin PBXHeadersBuildPhase section */
		9C299CCD1A048AF70002F47E /* Headers */ = {
			isa = PBXHeadersBuildPhase;
			buildActionMask = 2147483647;
			files = (
				9C299CD61A048AF70002F47E /* SocketIOCocoa.h in Headers */,
			);
			runOnlyForDeploymentPostprocessing = 0;
		};
/* End PBXHeadersBuildPhase section */

/* Begin PBXNativeTarget section */
		9C299CCF1A048AF70002F47E /* SocketIOCocoa */ = {
			isa = PBXNativeTarget;
			buildConfigurationList = 9C299CE61A048AF70002F47E /* Build configuration list for PBXNativeTarget "SocketIOCocoa" */;
			buildPhases = (
				C8B7BDBE0D0BE71FC5D2C667 /* Check Pods Manifest.lock */,
				9C299CCB1A048AF70002F47E /* Sources */,
				9C299CCC1A048AF70002F47E /* Frameworks */,
				9C299CCD1A048AF70002F47E /* Headers */,
				9C299CCE1A048AF70002F47E /* Resources */,
				95E62C6650132C2BAFE1F645 /* Copy Pods Resources */,
			);
			buildRules = (
			);
			dependencies = (
			);
			name = SocketIOCocoa;
			productName = SocketIOCocoa;
			productReference = 9C299CD01A048AF70002F47E /* SocketIOCocoa.framework */;
			productType = "com.apple.product-type.framework";
		};
		9C299CDA1A048AF70002F47E /* SocketIOCocoaTests */ = {
			isa = PBXNativeTarget;
			buildConfigurationList = 9C299CE91A048AF70002F47E /* Build configuration list for PBXNativeTarget "SocketIOCocoaTests" */;
			buildPhases = (
				9C299CD71A048AF70002F47E /* Sources */,
				9C299CD81A048AF70002F47E /* Frameworks */,
				9C299CD91A048AF70002F47E /* Resources */,
			);
			buildRules = (
			);
			dependencies = (
				9C299CDE1A048AF70002F47E /* PBXTargetDependency */,
			);
			name = SocketIOCocoaTests;
			productName = SocketIOCocoaTests;
			productReference = 9C299CDB1A048AF70002F47E /* SocketIOCocoaTests.xctest */;
			productType = "com.apple.product-type.bundle.unit-test";
		};
/* End PBXNativeTarget section */

/* Begin PBXProject section */
		9C299CC71A048AF70002F47E /* Project object */ = {
			isa = PBXProject;
			attributes = {
				LastUpgradeCheck = 0610;
				ORGANIZATIONNAME = LiShuo;
				TargetAttributes = {
					9C299CCF1A048AF70002F47E = {
						CreatedOnToolsVersion = 6.1;
					};
					9C299CDA1A048AF70002F47E = {
						CreatedOnToolsVersion = 6.1;
					};
				};
			};
			buildConfigurationList = 9C299CCA1A048AF70002F47E /* Build configuration list for PBXProject "SocketIOCocoa" */;
			compatibilityVersion = "Xcode 3.2";
			developmentRegion = English;
			hasScannedForEncodings = 0;
			knownRegions = (
				en,
			);
			mainGroup = 9C299CC61A048AF70002F47E;
			productRefGroup = 9C299CD11A048AF70002F47E /* Products */;
			projectDirPath = "";
			projectRoot = "";
			targets = (
				9C299CCF1A048AF70002F47E /* SocketIOCocoa */,
				9C299CDA1A048AF70002F47E /* SocketIOCocoaTests */,
			);
		};
/* End PBXProject section */

/* Begin PBXResourcesBuildPhase section */
		9C299CCE1A048AF70002F47E /* Resources */ = {
			isa = PBXResourcesBuildPhase;
			buildActionMask = 2147483647;
			files = (
			);
			runOnlyForDeploymentPostprocessing = 0;
		};
		9C299CD91A048AF70002F47E /* Resources */ = {
			isa = PBXResourcesBuildPhase;
			buildActionMask = 2147483647;
			files = (
			);
			runOnlyForDeploymentPostprocessing = 0;
		};
/* End PBXResourcesBuildPhase section */

/* Begin PBXShellScriptBuildPhase section */
		95E62C6650132C2BAFE1F645 /* Copy Pods Resources */ = {
			isa = PBXShellScriptBuildPhase;
			buildActionMask = 2147483647;
			files = (
			);
			inputPaths = (
			);
			name = "Copy Pods Resources";
			outputPaths = (
			);
			runOnlyForDeploymentPostprocessing = 0;
			shellPath = /bin/sh;
			shellScript = "\"${SRCROOT}/Pods/Target Support Files/Pods/Pods-resources.sh\"\n";
			showEnvVarsInLog = 0;
		};
		C8B7BDBE0D0BE71FC5D2C667 /* Check Pods Manifest.lock */ = {
			isa = PBXShellScriptBuildPhase;
			buildActionMask = 2147483647;
			files = (
			);
			inputPaths = (
			);
			name = "Check Pods Manifest.lock";
			outputPaths = (
			);
			runOnlyForDeploymentPostprocessing = 0;
			shellPath = /bin/sh;
			shellScript = "diff \"${PODS_ROOT}/../Podfile.lock\" \"${PODS_ROOT}/Manifest.lock\" > /dev/null\nif [[ $? != 0 ]] ; then\n    cat << EOM\nerror: The sandbox is not in sync with the Podfile.lock. Run 'pod install' or update your CocoaPods installation.\nEOM\n    exit 1\nfi\n";
			showEnvVarsInLog = 0;
		};
/* End PBXShellScriptBuildPhase section */

/* Begin PBXSourcesBuildPhase section */
		9C299CCB1A048AF70002F47E /* Sources */ = {
			isa = PBXSourcesBuildPhase;
			buildActionMask = 2147483647;
			files = (
				9CD95ED01A11180600E30C79 /* AF-NSDate-Extension.swift in Sources */,
				9C29C7CF1A0E690B0036EDB3 /* EngineSocket.swift in Sources */,
				9C8746121A0782840026CE61 /* alamofire.swift in Sources */,
				9C29C7D11A0E699E0036EDB3 /* SocketIO.swift in Sources */,
				9C29C7CB1A0E67F20036EDB3 /* EngineParser.swift in Sources */,
				9C8746131A0782840026CE61 /* Dollar.swift in Sources */,
				9C29C7CD1A0E685E0036EDB3 /* EngineTransport.swift in Sources */,
				9C8746141A0782840026CE61 /* SwifterSnippet.swift in Sources */,
				9CD95ED11A11180600E30C79 /* starscream.swift in Sources */,
				9C29C7C91A0E67BF0036EDB3 /* Utils.swift in Sources */,
			);
			runOnlyForDeploymentPostprocessing = 0;
		};
		9C299CD71A048AF70002F47E /* Sources */ = {
			isa = PBXSourcesBuildPhase;
			buildActionMask = 2147483647;
			files = (
				9C299CE31A048AF70002F47E /* SocketIOTests.swift in Sources */,
				9CC4DE761A0E102A00BD6DD9 /* EngineTests.swift in Sources */,
			);
			runOnlyForDeploymentPostprocessing = 0;
		};
/* End PBXSourcesBuildPhase section */

/* Begin PBXTargetDependency section */
		9C299CDE1A048AF70002F47E /* PBXTargetDependency */ = {
			isa = PBXTargetDependency;
			target = 9C299CCF1A048AF70002F47E /* SocketIOCocoa */;
			targetProxy = 9C299CDD1A048AF70002F47E /* PBXContainerItemProxy */;
		};
/* End PBXTargetDependency section */

/* Begin XCBuildConfiguration section */
		9C299CE41A048AF70002F47E /* Debug */ = {
			isa = XCBuildConfiguration;
			buildSettings = {
				ALWAYS_SEARCH_USER_PATHS = NO;
				CLANG_CXX_LANGUAGE_STANDARD = "gnu++0x";
				CLANG_CXX_LIBRARY = "libc++";
				CLANG_ENABLE_MODULES = YES;
				CLANG_ENABLE_OBJC_ARC = YES;
				CLANG_WARN_BOOL_CONVERSION = YES;
				CLANG_WARN_CONSTANT_CONVERSION = YES;
				CLANG_WARN_DIRECT_OBJC_ISA_USAGE = YES_ERROR;
				CLANG_WARN_EMPTY_BODY = YES;
				CLANG_WARN_ENUM_CONVERSION = YES;
				CLANG_WARN_INT_CONVERSION = YES;
				CLANG_WARN_OBJC_ROOT_CLASS = YES_ERROR;
				CLANG_WARN_UNREACHABLE_CODE = YES;
				CLANG_WARN__DUPLICATE_METHOD_MATCH = YES;
				COPY_PHASE_STRIP = NO;
				CURRENT_PROJECT_VERSION = 1;
				ENABLE_STRICT_OBJC_MSGSEND = YES;
				GCC_C_LANGUAGE_STANDARD = gnu99;
				GCC_DYNAMIC_NO_PIC = NO;
				GCC_OPTIMIZATION_LEVEL = 0;
				GCC_PREPROCESSOR_DEFINITIONS = (
					"DEBUG=1",
					"$(inherited)",
				);
				GCC_SYMBOLS_PRIVATE_EXTERN = NO;
				GCC_WARN_64_TO_32_BIT_CONVERSION = YES;
				GCC_WARN_ABOUT_RETURN_TYPE = YES_ERROR;
				GCC_WARN_UNDECLARED_SELECTOR = YES;
				GCC_WARN_UNINITIALIZED_AUTOS = YES_AGGRESSIVE;
				GCC_WARN_UNUSED_FUNCTION = YES;
				GCC_WARN_UNUSED_VARIABLE = YES;
				MACOSX_DEPLOYMENT_TARGET = 10.10;
				MTL_ENABLE_DEBUG_INFO = YES;
				ONLY_ACTIVE_ARCH = YES;
				SDKROOT = macosx;
				SWIFT_OPTIMIZATION_LEVEL = "-Onone";
				VERSIONING_SYSTEM = "apple-generic";
				VERSION_INFO_PREFIX = "";
			};
			name = Debug;
		};
		9C299CE51A048AF70002F47E /* Release */ = {
			isa = XCBuildConfiguration;
			buildSettings = {
				ALWAYS_SEARCH_USER_PATHS = NO;
				CLANG_CXX_LANGUAGE_STANDARD = "gnu++0x";
				CLANG_CXX_LIBRARY = "libc++";
				CLANG_ENABLE_MODULES = YES;
				CLANG_ENABLE_OBJC_ARC = YES;
				CLANG_WARN_BOOL_CONVERSION = YES;
				CLANG_WARN_CONSTANT_CONVERSION = YES;
				CLANG_WARN_DIRECT_OBJC_ISA_USAGE = YES_ERROR;
				CLANG_WARN_EMPTY_BODY = YES;
				CLANG_WARN_ENUM_CONVERSION = YES;
				CLANG_WARN_INT_CONVERSION = YES;
				CLANG_WARN_OBJC_ROOT_CLASS = YES_ERROR;
				CLANG_WARN_UNREACHABLE_CODE = YES;
				CLANG_WARN__DUPLICATE_METHOD_MATCH = YES;
				COPY_PHASE_STRIP = YES;
				CURRENT_PROJECT_VERSION = 1;
				DEBUG_INFORMATION_FORMAT = "dwarf-with-dsym";
				ENABLE_NS_ASSERTIONS = NO;
				ENABLE_STRICT_OBJC_MSGSEND = YES;
				GCC_C_LANGUAGE_STANDARD = gnu99;
				GCC_WARN_64_TO_32_BIT_CONVERSION = YES;
				GCC_WARN_ABOUT_RETURN_TYPE = YES_ERROR;
				GCC_WARN_UNDECLARED_SELECTOR = YES;
				GCC_WARN_UNINITIALIZED_AUTOS = YES_AGGRESSIVE;
				GCC_WARN_UNUSED_FUNCTION = YES;
				GCC_WARN_UNUSED_VARIABLE = YES;
				MACOSX_DEPLOYMENT_TARGET = 10.10;
				MTL_ENABLE_DEBUG_INFO = NO;
				SDKROOT = macosx;
				VERSIONING_SYSTEM = "apple-generic";
				VERSION_INFO_PREFIX = "";
			};
			name = Release;
		};
		9C299CE71A048AF70002F47E /* Debug */ = {
			isa = XCBuildConfiguration;
			baseConfigurationReference = C683D0750A5BED5403E25D41 /* Pods.debug.xcconfig */;
			buildSettings = {
				CLANG_ENABLE_MODULES = YES;
				COMBINE_HIDPI_IMAGES = YES;
				DEFINES_MODULE = YES;
				DYLIB_COMPATIBILITY_VERSION = 1;
				DYLIB_CURRENT_VERSION = 1;
				DYLIB_INSTALL_NAME_BASE = "@rpath";
				FRAMEWORK_VERSION = A;
				INFOPLIST_FILE = SocketIOCocoa/Info.plist;
				INSTALL_PATH = "$(LOCAL_LIBRARY_DIR)/Frameworks";
				LD_RUNPATH_SEARCH_PATHS = "$(inherited) @executable_path/../Frameworks @loader_path/Frameworks";
				PRODUCT_NAME = "$(TARGET_NAME)";
				SKIP_INSTALL = YES;
				SWIFT_OPTIMIZATION_LEVEL = "-Onone";
			};
			name = Debug;
		};
		9C299CE81A048AF70002F47E /* Release */ = {
			isa = XCBuildConfiguration;
			baseConfigurationReference = CD168E7B21F68EBF458D587D /* Pods.release.xcconfig */;
			buildSettings = {
				CLANG_ENABLE_MODULES = YES;
				COMBINE_HIDPI_IMAGES = YES;
				DEFINES_MODULE = YES;
				DYLIB_COMPATIBILITY_VERSION = 1;
				DYLIB_CURRENT_VERSION = 1;
				DYLIB_INSTALL_NAME_BASE = "@rpath";
				FRAMEWORK_VERSION = A;
				INFOPLIST_FILE = SocketIOCocoa/Info.plist;
				INSTALL_PATH = "$(LOCAL_LIBRARY_DIR)/Frameworks";
				LD_RUNPATH_SEARCH_PATHS = "$(inherited) @executable_path/../Frameworks @loader_path/Frameworks";
				PRODUCT_NAME = "$(TARGET_NAME)";
				SKIP_INSTALL = YES;
			};
			name = Release;
		};
		9C299CEA1A048AF70002F47E /* Debug */ = {
			isa = XCBuildConfiguration;
			buildSettings = {
				COMBINE_HIDPI_IMAGES = YES;
				FRAMEWORK_SEARCH_PATHS = (
					"$(DEVELOPER_FRAMEWORKS_DIR)",
					"$(inherited)",
				);
				GCC_PREPROCESSOR_DEFINITIONS = (
					"DEBUG=1",
					"$(inherited)",
				);
				INFOPLIST_FILE = SocketIOCocoaTests/Info.plist;
				LD_RUNPATH_SEARCH_PATHS = "$(inherited) @executable_path/../Frameworks @loader_path/../Frameworks";
				PRODUCT_NAME = "$(TARGET_NAME)";
			};
			name = Debug;
		};
		9C299CEB1A048AF70002F47E /* Release */ = {
			isa = XCBuildConfiguration;
			buildSettings = {
				COMBINE_HIDPI_IMAGES = YES;
				FRAMEWORK_SEARCH_PATHS = (
					"$(DEVELOPER_FRAMEWORKS_DIR)",
					"$(inherited)",
				);
				INFOPLIST_FILE = SocketIOCocoaTests/Info.plist;
				LD_RUNPATH_SEARCH_PATHS = "$(inherited) @executable_path/../Frameworks @loader_path/../Frameworks";
				PRODUCT_NAME = "$(TARGET_NAME)";
			};
			name = Release;
		};
/* End XCBuildConfiguration section */

/* Begin XCConfigurationList section */
		9C299CCA1A048AF70002F47E /* Build configuration list for PBXProject "SocketIOCocoa" */ = {
			isa = XCConfigurationList;
			buildConfigurations = (
				9C299CE41A048AF70002F47E /* Debug */,
				9C299CE51A048AF70002F47E /* Release */,
			);
			defaultConfigurationIsVisible = 0;
			defaultConfigurationName = Release;
		};
		9C299CE61A048AF70002F47E /* Build configuration list for PBXNativeTarget "SocketIOCocoa" */ = {
			isa = XCConfigurationList;
			buildConfigurations = (
				9C299CE71A048AF70002F47E /* Debug */,
				9C299CE81A048AF70002F47E /* Release */,
			);
			defaultConfigurationIsVisible = 0;
			defaultConfigurationName = Release;
		};
		9C299CE91A048AF70002F47E /* Build configuration list for PBXNativeTarget "SocketIOCocoaTests" */ = {
			isa = XCConfigurationList;
			buildConfigurations = (
				9C299CEA1A048AF70002F47E /* Debug */,
				9C299CEB1A048AF70002F47E /* Release */,
			);
			defaultConfigurationIsVisible = 0;
			defaultConfigurationName = Release;
		};
/* End XCConfigurationList section */
	};
	rootObject = 9C299CC71A048AF70002F47E /* Project object */;
}
